{
  "name": "@robireton/meeus",
  "version": "1.1.0",
  "lockfileVersion": 2,
  "requires": true,
  "packages": {
    "": {
      "name": "@robireton/meeus",
      "version": "1.1.0",
      "license": "MIT",
      "dependencies": {
        "@robireton/circle": "^1.2.1",
        "@robireton/delta-t": "^1.1.0"
      },
      "engines": {
        "node": ">=13.2.0"
      }
    },
    "node_modules/@robireton/circle": {
      "version": "1.2.1",
      "resolved": "https://registry.npmjs.org/@robireton/circle/-/circle-1.2.1.tgz",
      "integrity": "sha512-WpPXjDZV3EnACGEdAN+IuR5PRNZgLGz5lXH+BVYptXnGpruiLykGC1lHtc1TPiP5t25bnmqUECSEr2Z2+fNHLg==",
      "engines": {
        "node": ">=13.2.0"
      }
    },
    "node_modules/@robireton/delta-t": {
      "version": "1.1.0",
      "resolved": "https://registry.npmjs.org/@robireton/delta-t/-/delta-t-1.1.0.tgz",
      "integrity": "sha512-uNbArwlgYCy0OrvenIPCHpMl1GgxhoW3Kt0+MJ9L3sDm79bWjDmgY0cyrHSBjd8HjviaGXB9MC9K3vgtsYWIDw==",
      "engines": {
        "node": ">=13.2.0"
      }
    }
  },
  "dependencies": {
    "@robireton/circle": {
      "version": "1.2.1",
      "resolved": "https://registry.npmjs.org/@robireton/circle/-/circle-1.2.1.tgz",
      "integrity": "sha512-WpPXjDZV3EnACGEdAN+IuR5PRNZgLGz5lXH+BVYptXnGpruiLykGC1lHtc1TPiP5t25bnmqUECSEr2Z2+fNHLg=="
    },
    "@robireton/delta-t": {
      "version": "1.1.0",
      "resolved": "https://registry.npmjs.org/@robireton/delta-t/-/delta-t-1.1.0.tgz",
      "integrity": "sha512-uNbArwlgYCy0OrvenIPCHpMl1GgxhoW3Kt0+MJ9L3sDm79bWjDmgY0cyrHSBjd8HjviaGXB9MC9K3vgtsYWIDw=="
    }
  }
}
