{
  "name": "@robireton/meeus",
  "version": "1.0.4",
  "lockfileVersion": 1,
  "requires": true,
  "dependencies": {
    "@robireton/circle": {
      "version": "1.1.1",
      "resolved": "https://registry.npmjs.org/@robireton/circle/-/circle-1.1.1.tgz",
      "integrity": "sha512-GFqmFEQVsfIXrSLrFvlbLowwo/VlQ3KAyz4DQkVmtoldqQU0HdGWJ6B/LFvmf2OGT6aRKUiS9gQGggc20MEzdA=="
    },
    "@robireton/delta-t": {
      "version": "1.0.0",
      "resolved": "https://registry.npmjs.org/@robireton/delta-t/-/delta-t-1.0.0.tgz",
      "integrity": "sha512-frPaTKp7fXgHQH3xdfCE95ynuCkSp8IWxOK8rNQR5YqmSsVBQXcHfPMmxXAkzojHgRD87gWQ2cP4dvMUqoEWpQ=="
    }
  }
}
